version = 1
requires-python = ">=3.11"

[[package]]
name = "3d-web-viz"
version = "0.1.0"
source = { virtual = "." }
dependencies = [
    { name = "pygltflib" },
    { name = "usd-core" },
]

[package.metadata]
requires-dist = [
    { name = "pygltflib", specifier = ">=1.16.2" },
    { name = "usd-core", specifier = ">=24.8" },
]

[[package]]
name = "dataclasses-json"
version = "0.6.7"
source = { registry = "https://pypi.org/simple" }
dependencies = [
    { name = "marshmallow" },
    { name = "typing-inspect" },
]
sdist = { url = "https://files.pythonhosted.org/packages/64/a4/f71d9cf3a5ac257c993b5ca3f93df5f7fb395c725e7f1e6479d2514173c3/dataclasses_json-0.6.7.tar.gz", hash = "sha256:b6b3e528266ea45b9535223bc53ca645f5208833c29229e847b3f26a1cc55fc0", size = 32227 }
wheels = [
    { url = "https://files.pythonhosted.org/packages/c3/be/d0d44e092656fe7a06b55e6103cbce807cdbdee17884a5367c68c9860853/dataclasses_json-0.6.7-py3-none-any.whl", hash = "sha256:0dbf33f26c8d5305befd61b39d2b3414e8a407bedc2834dea9b8d642666fb40a", size = 28686 },
]

[[package]]
name = "deprecated"
version = "1.2.14"
source = { registry = "https://pypi.org/simple" }
dependencies = [
    { name = "wrapt" },
]
sdist = { url = "https://files.pythonhosted.org/packages/92/14/1e41f504a246fc224d2ac264c227975427a85caf37c3979979edb9b1b232/Deprecated-1.2.14.tar.gz", hash = "sha256:e5323eb936458dccc2582dc6f9c322c852a775a27065ff2b0c4970b9d53d01b3", size = 2974416 }
wheels = [
    { url = "https://files.pythonhosted.org/packages/20/8d/778b7d51b981a96554f29136cd59ca7880bf58094338085bcf2a979a0e6a/Deprecated-1.2.14-py2.py3-none-any.whl", hash = "sha256:6fac8b097794a90302bdbb17b9b815e732d3c4720583ff1b198499d78470466c", size = 9561 },
]

[[package]]
name = "marshmallow"
version = "3.23.0"
source = { registry = "https://pypi.org/simple" }
dependencies = [
    { name = "packaging" },
]
sdist = { url = "https://files.pythonhosted.org/packages/b7/41/05580fed5798ba8032341e7e330b866adc88dfca3bc3ec86c04e4ffdc427/marshmallow-3.23.0.tar.gz", hash = "sha256:98d8827a9f10c03d44ead298d2e99c6aea8197df18ccfad360dae7f89a50da2e", size = 177439 }
wheels = [
    { url = "https://files.pythonhosted.org/packages/9a/9e/f8f0308b66ff5fcc3b351ffa5fcba19ae725dfeda75d3c673f4427f3fc99/marshmallow-3.23.0-py3-none-any.whl", hash = "sha256:82f20a2397834fe6d9611b241f2f7e7b680ed89c49f84728a1ad937be6b4bdf4", size = 49490 },
]

[[package]]
name = "mypy-extensions"
version = "1.0.0"
source = { registry = "https://pypi.org/simple" }
sdist = { url = "https://files.pythonhosted.org/packages/98/a4/1ab47638b92648243faf97a5aeb6ea83059cc3624972ab6b8d2316078d3f/mypy_extensions-1.0.0.tar.gz", hash = "sha256:75dbf8955dc00442a438fc4d0666508a9a97b6bd41aa2f0ffe9d2f2725af0782", size = 4433 }
wheels = [
    { url = "https://files.pythonhosted.org/packages/2a/e2/5d3f6ada4297caebe1a2add3b126fe800c96f56dbe5d1988a2cbe0b267aa/mypy_extensions-1.0.0-py3-none-any.whl", hash = "sha256:4392f6c0eb8a5668a69e23d168ffa70f0be9ccfd32b5cc2d26a34ae5b844552d", size = 4695 },
]

[[package]]
name = "packaging"
version = "24.1"
source = { registry = "https://pypi.org/simple" }
sdist = { url = "https://files.pythonhosted.org/packages/51/65/50db4dda066951078f0a96cf12f4b9ada6e4b811516bf0262c0f4f7064d4/packaging-24.1.tar.gz", hash = "sha256:026ed72c8ed3fcce5bf8950572258698927fd1dbda10a5e981cdf0ac37f4f002", size = 148788 }
wheels = [
    { url = "https://files.pythonhosted.org/packages/08/aa/cc0199a5f0ad350994d660967a8efb233fe0416e4639146c089643407ce6/packaging-24.1-py3-none-any.whl", hash = "sha256:5b8f2217dbdbd2f7f384c41c628544e6d52f2d0f53c6d0c3ea61aa5d1d7ff124", size = 53985 },
]

[[package]]
name = "pygltflib"
version = "1.16.2"
source = { registry = "https://pypi.org/simple" }
dependencies = [
    { name = "dataclasses-json" },
    { name = "deprecated" },
]
sdist = { url = "https://files.pythonhosted.org/packages/38/d7/0b8e35cb3ff69dd981e358e72e0a5632f847d4bd61876be04518cb4e075a/pygltflib-1.16.2.tar.gz", hash = "sha256:4f9481f5841b0b8fb7b271b0414b394b503405260a6ee0cf2c330a5420d19b64", size = 42550 }

[[package]]
name = "typing-extensions"
version = "4.12.2"
source = { registry = "https://pypi.org/simple" }
sdist = { url = "https://files.pythonhosted.org/packages/df/db/f35a00659bc03fec321ba8bce9420de607a1d37f8342eee1863174c69557/typing_extensions-4.12.2.tar.gz", hash = "sha256:1a7ead55c7e559dd4dee8856e3a88b41225abfe1ce8df57b7c13915fe121ffb8", size = 85321 }
wheels = [
    { url = "https://files.pythonhosted.org/packages/26/9f/ad63fc0248c5379346306f8668cda6e2e2e9c95e01216d2b8ffd9ff037d0/typing_extensions-4.12.2-py3-none-any.whl", hash = "sha256:04e5ca0351e0f3f85c6853954072df659d0d13fac324d0072316b67d7794700d", size = 37438 },
]

[[package]]
name = "typing-inspect"
version = "0.9.0"
source = { registry = "https://pypi.org/simple" }
dependencies = [
    { name = "mypy-extensions" },
    { name = "typing-extensions" },
]
sdist = { url = "https://files.pythonhosted.org/packages/dc/74/1789779d91f1961fa9438e9a8710cdae6bd138c80d7303996933d117264a/typing_inspect-0.9.0.tar.gz", hash = "sha256:b23fc42ff6f6ef6954e4852c1fb512cdd18dbea03134f91f856a95ccc9461f78", size = 13825 }
wheels = [
    { url = "https://files.pythonhosted.org/packages/65/f3/107a22063bf27bdccf2024833d3445f4eea42b2e598abfbd46f6a63b6cb0/typing_inspect-0.9.0-py3-none-any.whl", hash = "sha256:9ee6fc59062311ef8547596ab6b955e1b8aa46242d854bfc78f4f6b0eff35f9f", size = 8827 },
]

[[package]]
name = "usd-core"
version = "24.8"
source = { registry = "https://pypi.org/simple" }
wheels = [
    { url = "https://files.pythonhosted.org/packages/56/62/1b9d2f01e51f44aedc8b0041ba9307e2ccaee13fd9fb73e328b479307916/usd_core-24.8-cp311-none-macosx_10_9_universal2.whl", hash = "sha256:d1dfe295ccbc57cac39e6dee2d7ce831d7a6a504b8a17dc974e631e3521f83a6", size = 37791828 },
    { url = "https://files.pythonhosted.org/packages/cd/fe/ac9c8a0ba8cec78a938353dc1a7d1dc6ef8f26bc520e09906d607736ceed/usd_core-24.8-cp311-none-manylinux_2_17_x86_64.manylinux2014_x86_64.whl", hash = "sha256:8b38b347dce9336d00dacd4c0e5813bcb43c61e165c653d754e3ee3dc4b2b715", size = 25551683 },
    { url = "https://files.pythonhosted.org/packages/33/76/635ba50b1dc854d89f52233c57f2da85061f4482ecac9b796ebd781bce91/usd_core-24.8-cp311-none-win_amd64.whl", hash = "sha256:d3e06fd8c953c4de3d24591cdb9e8e65ca28a876519378d1e4a5d9bca419d7c1", size = 13149900 },
    { url = "https://files.pythonhosted.org/packages/de/83/9b4915104eb3f5d2d45fbaf7ec59d30318a49835389200918824d9928a67/usd_core-24.8-cp312-none-macosx_10_9_universal2.whl", hash = "sha256:7c18be89012d03f57d5445101695461c678f370d565259893c1cbcb71a6124e6", size = 37906453 },
    { url = "https://files.pythonhosted.org/packages/8b/27/16b34df59bfb2d3d4e7a2a0436e32a37117a7a1353aa6d93bea7f88573ab/usd_core-24.8-cp312-none-manylinux_2_17_x86_64.manylinux2014_x86_64.whl", hash = "sha256:0a503029fa895c9d2307bde2b15748478a0bcb4e8c4ebfa90c7c613fb8137f9d", size = 25531691 },
    { url = "https://files.pythonhosted.org/packages/92/5e/c0a74019e3243105deb5a6c61fbc2d22ae9204b5ef8806fb252c9ea6e6f4/usd_core-24.8-cp312-none-win_amd64.whl", hash = "sha256:a3e1d9b34d3936716dbce4ee22c135acffab0f58ba9da09d47dc74992cfc5259", size = 13193399 },
]

[[package]]
name = "wrapt"
version = "1.16.0"
source = { registry = "https://pypi.org/simple" }
sdist = { url = "https://files.pythonhosted.org/packages/95/4c/063a912e20bcef7124e0df97282a8af3ff3e4b603ce84c481d6d7346be0a/wrapt-1.16.0.tar.gz", hash = "sha256:5f370f952971e7d17c7d1ead40e49f32345a7f7a5373571ef44d800d06b1899d", size = 53972 }
wheels = [
    { url = "https://files.pythonhosted.org/packages/fd/03/c188ac517f402775b90d6f312955a5e53b866c964b32119f2ed76315697e/wrapt-1.16.0-cp311-cp311-macosx_10_9_x86_64.whl", hash = "sha256:1a5db485fe2de4403f13fafdc231b0dbae5eca4359232d2efc79025527375b09", size = 37313 },
    { url = "https://files.pythonhosted.org/packages/0f/16/ea627d7817394db04518f62934a5de59874b587b792300991b3c347ff5e0/wrapt-1.16.0-cp311-cp311-macosx_11_0_arm64.whl", hash = "sha256:75ea7d0ee2a15733684badb16de6794894ed9c55aa5e9903260922f0482e687d", size = 38164 },
    { url = "https://files.pythonhosted.org/packages/7f/a7/f1212ba098f3de0fd244e2de0f8791ad2539c03bef6c05a9fcb03e45b089/wrapt-1.16.0-cp311-cp311-manylinux_2_17_aarch64.manylinux2014_aarch64.whl", hash = "sha256:a452f9ca3e3267cd4d0fcf2edd0d035b1934ac2bd7e0e57ac91ad6b95c0c6389", size = 80890 },
    { url = "https://files.pythonhosted.org/packages/b7/96/bb5e08b3d6db003c9ab219c487714c13a237ee7dcc572a555eaf1ce7dc82/wrapt-1.16.0-cp311-cp311-manylinux_2_5_i686.manylinux1_i686.manylinux_2_17_i686.manylinux2014_i686.whl", hash = "sha256:43aa59eadec7890d9958748db829df269f0368521ba6dc68cc172d5d03ed8060", size = 73118 },
    { url = "https://files.pythonhosted.org/packages/6e/52/2da48b35193e39ac53cfb141467d9f259851522d0e8c87153f0ba4205fb1/wrapt-1.16.0-cp311-cp311-manylinux_2_5_x86_64.manylinux1_x86_64.manylinux_2_17_x86_64.manylinux2014_x86_64.whl", hash = "sha256:72554a23c78a8e7aa02abbd699d129eead8b147a23c56e08d08dfc29cfdddca1", size = 80746 },
    { url = "https://files.pythonhosted.org/packages/11/fb/18ec40265ab81c0e82a934de04596b6ce972c27ba2592c8b53d5585e6bcd/wrapt-1.16.0-cp311-cp311-musllinux_1_1_aarch64.whl", hash = "sha256:d2efee35b4b0a347e0d99d28e884dfd82797852d62fcd7ebdeee26f3ceb72cf3", size = 85668 },
    { url = "https://files.pythonhosted.org/packages/0f/ef/0ecb1fa23145560431b970418dce575cfaec555ab08617d82eb92afc7ccf/wrapt-1.16.0-cp311-cp311-musllinux_1_1_i686.whl", hash = "sha256:6dcfcffe73710be01d90cae08c3e548d90932d37b39ef83969ae135d36ef3956", size = 78556 },
    { url = "https://files.pythonhosted.org/packages/25/62/cd284b2b747f175b5a96cbd8092b32e7369edab0644c45784871528eb852/wrapt-1.16.0-cp311-cp311-musllinux_1_1_x86_64.whl", hash = "sha256:eb6e651000a19c96f452c85132811d25e9264d836951022d6e81df2fff38337d", size = 85712 },
    { url = "https://files.pythonhosted.org/packages/e5/a7/47b7ff74fbadf81b696872d5ba504966591a3468f1bc86bca2f407baef68/wrapt-1.16.0-cp311-cp311-win32.whl", hash = "sha256:66027d667efe95cc4fa945af59f92c5a02c6f5bb6012bff9e60542c74c75c362", size = 35327 },
    { url = "https://files.pythonhosted.org/packages/cf/c3/0084351951d9579ae83a3d9e38c140371e4c6b038136909235079f2e6e78/wrapt-1.16.0-cp311-cp311-win_amd64.whl", hash = "sha256:aefbc4cb0a54f91af643660a0a150ce2c090d3652cf4052a5397fb2de549cd89", size = 37523 },
    { url = "https://files.pythonhosted.org/packages/92/17/224132494c1e23521868cdd57cd1e903f3b6a7ba6996b7b8f077ff8ac7fe/wrapt-1.16.0-cp312-cp312-macosx_10_9_x86_64.whl", hash = "sha256:5eb404d89131ec9b4f748fa5cfb5346802e5ee8836f57d516576e61f304f3b7b", size = 37614 },
    { url = "https://files.pythonhosted.org/packages/6a/d7/cfcd73e8f4858079ac59d9db1ec5a1349bc486ae8e9ba55698cc1f4a1dff/wrapt-1.16.0-cp312-cp312-macosx_11_0_arm64.whl", hash = "sha256:9090c9e676d5236a6948330e83cb89969f433b1943a558968f659ead07cb3b36", size = 38316 },
    { url = "https://files.pythonhosted.org/packages/7e/79/5ff0a5c54bda5aec75b36453d06be4f83d5cd4932cc84b7cb2b52cee23e2/wrapt-1.16.0-cp312-cp312-manylinux_2_17_aarch64.manylinux2014_aarch64.whl", hash = "sha256:94265b00870aa407bd0cbcfd536f17ecde43b94fb8d228560a1e9d3041462d73", size = 86322 },
    { url = "https://files.pythonhosted.org/packages/c4/81/e799bf5d419f422d8712108837c1d9bf6ebe3cb2a81ad94413449543a923/wrapt-1.16.0-cp312-cp312-manylinux_2_5_i686.manylinux1_i686.manylinux_2_17_i686.manylinux2014_i686.whl", hash = "sha256:f2058f813d4f2b5e3a9eb2eb3faf8f1d99b81c3e51aeda4b168406443e8ba809", size = 79055 },
    { url = "https://files.pythonhosted.org/packages/62/62/30ca2405de6a20448ee557ab2cd61ab9c5900be7cbd18a2639db595f0b98/wrapt-1.16.0-cp312-cp312-manylinux_2_5_x86_64.manylinux1_x86_64.manylinux_2_17_x86_64.manylinux2014_x86_64.whl", hash = "sha256:98b5e1f498a8ca1858a1cdbffb023bfd954da4e3fa2c0cb5853d40014557248b", size = 87291 },
    { url = "https://files.pythonhosted.org/packages/49/4e/5d2f6d7b57fc9956bf06e944eb00463551f7d52fc73ca35cfc4c2cdb7aed/wrapt-1.16.0-cp312-cp312-musllinux_1_1_aarch64.whl", hash = "sha256:14d7dc606219cdd7405133c713f2c218d4252f2a469003f8c46bb92d5d095d81", size = 90374 },
    { url = "https://files.pythonhosted.org/packages/a6/9b/c2c21b44ff5b9bf14a83252a8b973fb84923764ff63db3e6dfc3895cf2e0/wrapt-1.16.0-cp312-cp312-musllinux_1_1_i686.whl", hash = "sha256:49aac49dc4782cb04f58986e81ea0b4768e4ff197b57324dcbd7699c5dfb40b9", size = 83896 },
    { url = "https://files.pythonhosted.org/packages/14/26/93a9fa02c6f257df54d7570dfe8011995138118d11939a4ecd82cb849613/wrapt-1.16.0-cp312-cp312-musllinux_1_1_x86_64.whl", hash = "sha256:418abb18146475c310d7a6dc71143d6f7adec5b004ac9ce08dc7a34e2babdc5c", size = 91738 },
    { url = "https://files.pythonhosted.org/packages/a2/5b/4660897233eb2c8c4de3dc7cefed114c61bacb3c28327e64150dc44ee2f6/wrapt-1.16.0-cp312-cp312-win32.whl", hash = "sha256:685f568fa5e627e93f3b52fda002c7ed2fa1800b50ce51f6ed1d572d8ab3e7fc", size = 35568 },
    { url = "https://files.pythonhosted.org/packages/5c/cc/8297f9658506b224aa4bd71906447dea6bb0ba629861a758c28f67428b91/wrapt-1.16.0-cp312-cp312-win_amd64.whl", hash = "sha256:dcdba5c86e368442528f7060039eda390cc4091bfd1dca41e8046af7c910dda8", size = 37653 },
    { url = "https://files.pythonhosted.org/packages/ff/21/abdedb4cdf6ff41ebf01a74087740a709e2edb146490e4d9beea054b0b7a/wrapt-1.16.0-py3-none-any.whl", hash = "sha256:6906c4100a8fcbf2fa735f6059214bb13b97f75b1a61777fcf6432121ef12ef1", size = 23362 },
]
